
Microsoft Visual Studio Solution File, Format Version 12.00
# Visual Studio Version 17
VisualStudioVersion = 17.0.31903.59
MinimumVisualStudioVersion = 10.0.40219.1
Project("{FAE04EC0-301F-11D3-BF4B-00C04F79EFBC}") = "ORMByExample.Tests", "ORMByExample.Tests\ORMByExample.Tests.csproj", "{82127BA4-A7E2-4A4D-B7F6-F9597A1A5C9A}"
EndProject
Project("{FAE04EC0-301F-11D3-BF4B-00C04F79EFBC}") = "ORMByExample.Benchmark", "ORMByExample.Benchmark\ORMByExample.Benchmark.csproj", "{ECA94707-20EB-44EA-8490-B00520F1C1D4}"
EndProject
Project("{FAE04EC0-301F-11D3-BF4B-00C04F79EFBC}") = "ORMByExample.Core", "ORMByExample.Core\ORMByExample.Core.csproj", "{36E2C6CE-15E4-4A7A-A179-85F9D06C0684}"
EndProject
Global
	GlobalSection(SolutionConfigurationPlatforms) = preSolution
		Debug|Any CPU = Debug|Any CPU
		Release|Any CPU = Release|Any CPU
	EndGlobalSection
	GlobalSection(ProjectConfigurationPlatforms) = postSolution
		{82127BA4-A7E2-4A4D-B7F6-F9597A1A5C9A}.Debug|Any CPU.ActiveCfg = Debug|Any CPU
		{82127BA4-A7E2-4A4D-B7F6-F9597A1A5C9A}.Debug|Any CPU.Build.0 = Debug|Any CPU
		{82127BA4-A7E2-4A4D-B7F6-F9597A1A5C9A}.Release|Any CPU.ActiveCfg = Release|Any CPU
		{82127BA4-A7E2-4A4D-B7F6-F9597A1A5C9A}.Release|Any CPU.Build.0 = Release|Any CPU
		{ECA94707-20EB-44EA-8490-B00520F1C1D4}.Debug|Any CPU.ActiveCfg = Debug|Any CPU
		{ECA94707-20EB-44EA-8490-B00520F1C1D4}.Debug|Any CPU.Build.0 = Debug|Any CPU
		{ECA94707-20EB-44EA-8490-B00520F1C1D4}.Release|Any CPU.ActiveCfg = Release|Any CPU
		{ECA94707-20EB-44EA-8490-B00520F1C1D4}.Release|Any CPU.Build.0 = Release|Any CPU
		{36E2C6CE-15E4-4A7A-A179-85F9D06C0684}.Debug|Any CPU.ActiveCfg = Debug|Any CPU
		{36E2C6CE-15E4-4A7A-A179-85F9D06C0684}.Debug|Any CPU.Build.0 = Debug|Any CPU
		{36E2C6CE-15E4-4A7A-A179-85F9D06C0684}.Release|Any CPU.ActiveCfg = Release|Any CPU
		{36E2C6CE-15E4-4A7A-A179-85F9D06C0684}.Release|Any CPU.Build.0 = Release|Any CPU
	EndGlobalSection
	GlobalSection(SolutionProperties) = preSolution
		HideSolutionNode = FALSE
	EndGlobalSection
	GlobalSection(ExtensibilityGlobals) = postSolution
		SolutionGuid = {3FADF5BA-04C5-434C-82E4-69BA1673C61D}
	EndGlobalSection
EndGlobal
